
Microsoft Visual Studio Solution File, Format Version 12.00
# Visual Studio Version 16
VisualStudioVersion = 16.0.30907.101
MinimumVisualStudioVersion = 10.0.40219.1
Project("{8BC9CEB8-8B4A-11D0-8D11-00A0C91BC942}") = "Project2", "Project2\Project2.vcxproj", "{294A99F7-C12C-48B3-96E1-4421CA863708}"
EndProject
Project("{8BC9CEB8-8B4A-11D0-8D11-00A0C91BC942}") = "Project1", "Project1\Project1.vcxproj", "{8F9D81A2-FB96-4D05-8130-67E76A7ED401}"
EndProject
Project("{8BC9CEB8-8B4A-11D0-8D11-00A0C91BC942}") = "Project3", "Project3\Project3.vcxproj", "{9DEB61FD-5D58-44FC-A69D-C3D9CC90985B}"
EndProject
Project("{8BC9CEB8-8B4A-11D0-8D11-00A0C91BC942}") = "Project4", "Project4\Project4.vcxproj", "{12421B68-EBED-45CC-95C9-3CB83743C82D}"
EndProject
Project("{8BC9CEB8-8B4A-11D0-8D11-00A0C91BC942}") = "Project5", "Project5\Project5.vcxproj", "{E5212306-4608-4673-9617-39DDD648B393}"
EndProject
Global
	GlobalSection(SolutionConfigurationPlatforms) = preSolution
		Debug|x64 = Debug|x64
		Debug|x86 = Debug|x86
		Release|x64 = Release|x64
		Release|x86 = Release|x86
	EndGlobalSection
	GlobalSection(ProjectConfigurationPlatforms) = postSolution
		{294A99F7-C12C-48B3-96E1-4421CA863708}.Debug|x64.ActiveCfg = Debug|x64
		{294A99F7-C12C-48B3-96E1-4421CA863708}.Debug|x64.Build.0 = Debug|x64
		{294A99F7-C12C-48B3-96E1-4421CA863708}.Debug|x86.ActiveCfg = Debug|Win32
		{294A99F7-C12C-48B3-96E1-4421CA863708}.Debug|x86.Build.0 = Debug|Win32
		{294A99F7-C12C-48B3-96E1-4421CA863708}.Release|x64.ActiveCfg = Release|x64
		{294A99F7-C12C-48B3-96E1-4421CA863708}.Release|x64.Build.0 = Release|x64
		{294A99F7-C12C-48B3-96E1-4421CA863708}.Release|x86.ActiveCfg = Release|Win32
		{294A99F7-C12C-48B3-96E1-4421CA863708}.Release|x86.Build.0 = Release|Win32
		{8F9D81A2-FB96-4D05-8130-67E76A7ED401}.Debug|x64.ActiveCfg = Debug|x64
		{8F9D81A2-FB96-4D05-8130-67E76A7ED401}.Debug|x64.Build.0 = Debug|x64
		{8F9D81A2-FB96-4D05-8130-67E76A7ED401}.Debug|x86.ActiveCfg = Debug|Win32
		{8F9D81A2-FB96-4D05-8130-67E76A7ED401}.Debug|x86.Build.0 = Debug|Win32
		{8F9D81A2-FB96-4D05-8130-67E76A7ED401}.Release|x64.ActiveCfg = Release|x64
		{8F9D81A2-FB96-4D05-8130-67E76A7ED401}.Release|x64.Build.0 = Release|x64
		{8F9D81A2-FB96-4D05-8130-67E76A7ED401}.Release|x86.ActiveCfg = Release|Win32
		{8F9D81A2-FB96-4D05-8130-67E76A7ED401}.Release|x86.Build.0 = Release|Win32
		{9DEB61FD-5D58-44FC-A69D-C3D9CC90985B}.Debug|x64.ActiveCfg = Debug|x64
		{9DEB61FD-5D58-44FC-A69D-C3D9CC90985B}.Debug|x64.Build.0 = Debug|x64
		{9DEB61FD-5D58-44FC-A69D-C3D9CC90985B}.Debug|x86.ActiveCfg = Debug|Win32
		{9DEB61FD-5D58-44FC-A69D-C3D9CC90985B}.Debug|x86.Build.0 = Debug|Win32
		{9DEB61FD-5D58-44FC-A69D-C3D9CC90985B}.Release|x64.ActiveCfg = Release|x64
		{9DEB61FD-5D58-44FC-A69D-C3D9CC90985B}.Release|x64.Build.0 = Release|x64
		{9DEB61FD-5D58-44FC-A69D-C3D9CC90985B}.Release|x86.ActiveCfg = Release|Win32
		{9DEB61FD-5D58-44FC-A69D-C3D9CC90985B}.Release|x86.Build.0 = Release|Win32
		{12421B68-EBED-45CC-95C9-3CB83743C82D}.Debug|x64.ActiveCfg = Debug|x64
		{12421B68-EBED-45CC-95C9-3CB83743C82D}.Debug|x64.Build.0 = Debug|x64
		{12421B68-EBED-45CC-95C9-3CB83743C82D}.Debug|x86.ActiveCfg = Debug|Win32
		{12421B68-EBED-45CC-95C9-3CB83743C82D}.Debug|x86.Build.0 = Debug|Win32
		{12421B68-EBED-45CC-95C9-3CB83743C82D}.Release|x64.ActiveCfg = Release|x64
		{12421B68-EBED-45CC-95C9-3CB83743C82D}.Release|x64.Build.0 = Release|x64
		{12421B68-EBED-45CC-95C9-3CB83743C82D}.Release|x86.ActiveCfg = Release|Win32
		{12421B68-EBED-45CC-95C9-3CB83743C82D}.Release|x86.Build.0 = Release|Win32
		{E5212306-4608-4673-9617-39DDD648B393}.Debug|x64.ActiveCfg = Debug|x64
		{E5212306-4608-4673-9617-39DDD648B393}.Debug|x64.Build.0 = Debug|x64
		{E5212306-4608-4673-9617-39DDD648B393}.Debug|x86.ActiveCfg = Debug|Win32
		{E5212306-4608-4673-9617-39DDD648B393}.Debug|x86.Build.0 = Debug|Win32
		{E5212306-4608-4673-9617-39DDD648B393}.Release|x64.ActiveCfg = Release|x64
		{E5212306-4608-4673-9617-39DDD648B393}.Release|x64.Build.0 = Release|x64
		{E5212306-4608-4673-9617-39DDD648B393}.Release|x86.ActiveCfg = Release|Win32
		{E5212306-4608-4673-9617-39DDD648B393}.Release|x86.Build.0 = Release|Win32
	EndGlobalSection
	GlobalSection(SolutionProperties) = preSolution
		HideSolutionNode = FALSE
	EndGlobalSection
	GlobalSection(ExtensibilityGlobals) = postSolution
		SolutionGuid = {370ADB70-BB4E-4740-9AF2-A04B454A15D4}
	EndGlobalSection
EndGlobal
