
Microsoft Visual Studio Solution File, Format Version 12.00
# Visual Studio Version 16
VisualStudioVersion = 16.0.30907.101
MinimumVisualStudioVersion = 10.0.40219.1
Project("{8BC9CEB8-8B4A-11D0-8D11-00A0C91BC942}") = "Project2", "Project2\Project2.vcxproj", "{9D489358-42B8-483A-85AC-A6621A847740}"
EndProject
Global
	GlobalSection(SolutionConfigurationPlatforms) = preSolution
		Debug|x64 = Debug|x64
		Debug|x86 = Debug|x86
		Release|x64 = Release|x64
		Release|x86 = Release|x86
	EndGlobalSection
	GlobalSection(ProjectConfigurationPlatforms) = postSolution
		{9D489358-42B8-483A-85AC-A6621A847740}.Debug|x64.ActiveCfg = Debug|x64
		{9D489358-42B8-483A-85AC-A6621A847740}.Debug|x64.Build.0 = Debug|x64
		{9D489358-42B8-483A-85AC-A6621A847740}.Debug|x86.ActiveCfg = Debug|Win32
		{9D489358-42B8-483A-85AC-A6621A847740}.Debug|x86.Build.0 = Debug|Win32
		{9D489358-42B8-483A-85AC-A6621A847740}.Release|x64.ActiveCfg = Release|x64
		{9D489358-42B8-483A-85AC-A6621A847740}.Release|x64.Build.0 = Release|x64
		{9D489358-42B8-483A-85AC-A6621A847740}.Release|x86.ActiveCfg = Release|Win32
		{9D489358-42B8-483A-85AC-A6621A847740}.Release|x86.Build.0 = Release|Win32
	EndGlobalSection
	GlobalSection(SolutionProperties) = preSolution
		HideSolutionNode = FALSE
	EndGlobalSection
	GlobalSection(ExtensibilityGlobals) = postSolution
		SolutionGuid = {2CB76632-72C5-47D9-82D4-113DE633AC38}
	EndGlobalSection
EndGlobal
